
Microsoft Visual Studio Solution File, Format Version 12.00
# Visual Studio 15
Project("{FAE04EC0-301F-11D3-BF4B-00C04F79EFBC}") = "gitdemotest", "gitdemotest\gitdemotest.csproj", "{1D92BCC6-5400-4A42-931E-D5DEA329D91C}"
EndProject
Global
	GlobalSection(SolutionConfigurationPlatforms) = preSolution
		Debug|anycpu = Debug|anycpu
		Release|anycpu = Release|anycpu
	EndGlobalSection
	GlobalSection(ProjectConfigurationPlatforms) = postSolution
		{1D92BCC6-5400-4A42-931E-D5DEA329D91C}.Debug|anycpu.ActiveCfg = Debug|anycpu
		{1D92BCC6-5400-4A42-931E-D5DEA329D91C}.Debug|anycpu.Build.0 = Debug|anycpu
		{1D92BCC6-5400-4A42-931E-D5DEA329D91C}.Release|anycpu.ActiveCfg = Release|anycpu
		{1D92BCC6-5400-4A42-931E-D5DEA329D91C}.Release|anycpu.Build.0 = Release|anycpu
	EndGlobalSection
EndGlobal
